
Microsoft Visual Studio Solution File, Format Version 12.00
# Visual Studio Version 17
VisualStudioVersion = 17.14.36717.8
MinimumVisualStudioVersion = 10.0.40219.1
Project("{FAE04EC0-301F-11D3-BF4B-00C04F79EFBC}") = "Presentation", "Presentation.csproj", "{93828142-07AF-4D33-93FA-8C0B611EBAFE}"
EndProject
Project("{FAE04EC0-301F-11D3-BF4B-00C04F79EFBC}") = "Domain", "..\Domain\Domain.csproj", "{CFB965F8-B01D-4741-85F7-0A8B33088AB9}"
EndProject
Project("{FAE04EC0-301F-11D3-BF4B-00C04F79EFBC}") = "Infrastructure", "..\Infrastructure\Infrastructure.csproj", "{A88161DC-631D-4695-8184-A9F567BABC41}"
EndProject
Project("{FAE04EC0-301F-11D3-BF4B-00C04F79EFBC}") = "Application", "..\Application\Application.csproj", "{75BB3FA4-140C-4046-84B6-AD1DECC1B35D}"
EndProject
Project("{FAE04EC0-301F-11D3-BF4B-00C04F79EFBC}") = "Shared", "..\Shared\Shared.csproj", "{42F0DC91-A563-4744-96DB-4D507727DFC2}"
EndProject
Global
	GlobalSection(SolutionConfigurationPlatforms) = preSolution
		Debug|Any CPU = Debug|Any CPU
		Release|Any CPU = Release|Any CPU
	EndGlobalSection
	GlobalSection(ProjectConfigurationPlatforms) = postSolution
		{93828142-07AF-4D33-93FA-8C0B611EBAFE}.Debug|Any CPU.ActiveCfg = Debug|Any CPU
		{93828142-07AF-4D33-93FA-8C0B611EBAFE}.Debug|Any CPU.Build.0 = Debug|Any CPU
		{93828142-07AF-4D33-93FA-8C0B611EBAFE}.Release|Any CPU.ActiveCfg = Release|Any CPU
		{93828142-07AF-4D33-93FA-8C0B611EBAFE}.Release|Any CPU.Build.0 = Release|Any CPU
		{CFB965F8-B01D-4741-85F7-0A8B33088AB9}.Debug|Any CPU.ActiveCfg = Debug|Any CPU
		{CFB965F8-B01D-4741-85F7-0A8B33088AB9}.Debug|Any CPU.Build.0 = Debug|Any CPU
		{CFB965F8-B01D-4741-85F7-0A8B33088AB9}.Release|Any CPU.ActiveCfg = Release|Any CPU
		{CFB965F8-B01D-4741-85F7-0A8B33088AB9}.Release|Any CPU.Build.0 = Release|Any CPU
		{A88161DC-631D-4695-8184-A9F567BABC41}.Debug|Any CPU.ActiveCfg = Debug|Any CPU
		{A88161DC-631D-4695-8184-A9F567BABC41}.Debug|Any CPU.Build.0 = Debug|Any CPU
		{A88161DC-631D-4695-8184-A9F567BABC41}.Release|Any CPU.ActiveCfg = Release|Any CPU
		{A88161DC-631D-4695-8184-A9F567BABC41}.Release|Any CPU.Build.0 = Release|Any CPU
		{75BB3FA4-140C-4046-84B6-AD1DECC1B35D}.Debug|Any CPU.ActiveCfg = Debug|Any CPU
		{75BB3FA4-140C-4046-84B6-AD1DECC1B35D}.Debug|Any CPU.Build.0 = Debug|Any CPU
		{75BB3FA4-140C-4046-84B6-AD1DECC1B35D}.Release|Any CPU.ActiveCfg = Release|Any CPU
		{75BB3FA4-140C-4046-84B6-AD1DECC1B35D}.Release|Any CPU.Build.0 = Release|Any CPU
		{42F0DC91-A563-4744-96DB-4D507727DFC2}.Debug|Any CPU.ActiveCfg = Debug|Any CPU
		{42F0DC91-A563-4744-96DB-4D507727DFC2}.Debug|Any CPU.Build.0 = Debug|Any CPU
		{42F0DC91-A563-4744-96DB-4D507727DFC2}.Release|Any CPU.ActiveCfg = Release|Any CPU
		{42F0DC91-A563-4744-96DB-4D507727DFC2}.Release|Any CPU.Build.0 = Release|Any CPU
	EndGlobalSection
	GlobalSection(SolutionProperties) = preSolution
		HideSolutionNode = FALSE
	EndGlobalSection
	GlobalSection(ExtensibilityGlobals) = postSolution
		SolutionGuid = {47E4A140-679E-4900-9A6F-D154479718BC}
	EndGlobalSection
EndGlobal
